
Microsoft Visual Studio Solution File, Format Version 12.00
# Visual Studio Version 17
VisualStudioVersion = 17.14.36414.22 d17.14
MinimumVisualStudioVersion = 10.0.40219.1
Project("{FAE04EC0-301F-11D3-BF4B-00C04F79EFBC}") = "InternProject1", "InternProject1\InternProject1.csproj", "{C91D137F-8969-4C60-8861-B5F622A3EF84}"
EndProject
Global
	GlobalSection(SolutionConfigurationPlatforms) = preSolution
		Debug|Any CPU = Debug|Any CPU
		Release|Any CPU = Release|Any CPU
	EndGlobalSection
	GlobalSection(ProjectConfigurationPlatforms) = postSolution
		{C91D137F-8969-4C60-8861-B5F622A3EF84}.Debug|Any CPU.ActiveCfg = Debug|Any CPU
		{C91D137F-8969-4C60-8861-B5F622A3EF84}.Debug|Any CPU.Build.0 = Debug|Any CPU
		{C91D137F-8969-4C60-8861-B5F622A3EF84}.Release|Any CPU.ActiveCfg = Release|Any CPU
		{C91D137F-8969-4C60-8861-B5F622A3EF84}.Release|Any CPU.Build.0 = Release|Any CPU
	EndGlobalSection
	GlobalSection(SolutionProperties) = preSolution
		HideSolutionNode = FALSE
	EndGlobalSection
	GlobalSection(ExtensibilityGlobals) = postSolution
		SolutionGuid = {894F0866-07CE-4531-BA4B-1487DEDA17B5}
	EndGlobalSection
EndGlobal
